
Microsoft Visual Studio Solution File, Format Version 12.00
# Visual Studio Version 17
VisualStudioVersion = 17.3.32922.545
MinimumVisualStudioVersion = 10.0.40219.1
Project("{FAE04EC0-301F-11D3-BF4B-00C04F79EFBC}") = "ClothingStore", "ClothingStore\ClothingStore.csproj", "{4CFF0752-AF8E-4508-BADD-902FEBD91408}"
EndProject
Global
	GlobalSection(SolutionConfigurationPlatforms) = preSolution
		Debug|Any CPU = Debug|Any CPU
		Release|Any CPU = Release|Any CPU
	EndGlobalSection
	GlobalSection(ProjectConfigurationPlatforms) = postSolution
		{4CFF0752-AF8E-4508-BADD-902FEBD91408}.Debug|Any CPU.ActiveCfg = Debug|Any CPU
		{4CFF0752-AF8E-4508-BADD-902FEBD91408}.Debug|Any CPU.Build.0 = Debug|Any CPU
		{4CFF0752-AF8E-4508-BADD-902FEBD91408}.Release|Any CPU.ActiveCfg = Release|Any CPU
		{4CFF0752-AF8E-4508-BADD-902FEBD91408}.Release|Any CPU.Build.0 = Release|Any CPU
	EndGlobalSection
	GlobalSection(SolutionProperties) = preSolution
		HideSolutionNode = FALSE
	EndGlobalSection
	GlobalSection(ExtensibilityGlobals) = postSolution
		SolutionGuid = {CA261DF0-16F5-45A2-B61B-00DEF5B4DCF3}
	EndGlobalSection
EndGlobal
